
Microsoft Visual Studio Solution File, Format Version 12.00
# Visual Studio Version 17
VisualStudioVersion = 17.5.002.0
MinimumVisualStudioVersion = 10.0.40219.1
Project("{9A19103F-16F7-4668-BE54-9A1E7A4F7556}") = "aspnetPortfolio", "aspnetPortfolio\aspnetPortfolio.csproj", "{8A92FCA8-2580-4009-8CBE-09BB19AB9696}"
EndProject
Global
	GlobalSection(SolutionConfigurationPlatforms) = preSolution
		Debug|Any CPU = Debug|Any CPU
		Release|Any CPU = Release|Any CPU
	EndGlobalSection
	GlobalSection(ProjectConfigurationPlatforms) = postSolution
		{8A92FCA8-2580-4009-8CBE-09BB19AB9696}.Debug|Any CPU.ActiveCfg = Debug|Any CPU
		{8A92FCA8-2580-4009-8CBE-09BB19AB9696}.Debug|Any CPU.Build.0 = Debug|Any CPU
		{8A92FCA8-2580-4009-8CBE-09BB19AB9696}.Release|Any CPU.ActiveCfg = Release|Any CPU
		{8A92FCA8-2580-4009-8CBE-09BB19AB9696}.Release|Any CPU.Build.0 = Release|Any CPU
	EndGlobalSection
	GlobalSection(SolutionProperties) = preSolution
		HideSolutionNode = FALSE
	EndGlobalSection
	GlobalSection(ExtensibilityGlobals) = postSolution
		SolutionGuid = {0C2B7DDB-6BB2-4F65-AE36-1D18A3322238}
	EndGlobalSection
EndGlobal
